<?xml version="1.0" encoding="utf-8"?>
<Project ToolsVersion="4.0" xmlns="http://schemas.microsoft.com/developer/msbuild/2003">
  <ItemGroup>
    <Filter Include="소스 파일">
      <UniqueIdentifier>{4FC737F1-C7A5-4376-A066-2A32D752A2FF}</UniqueIdentifier>
      <Extensions>cpp;c;cc;cxx;c++;cppm;ixx;def;odl;idl;hpj;bat;asm;asmx</Extensions>
    </Filter>
    <Filter Include="헤더 파일">
      <UniqueIdentifier>{93995380-89BD-4b04-88EB-625FBE52EBFB}</UniqueIdentifier>
      <Extensions>h;hh;hpp;hxx;h++;hm;inl;inc;ipp;xsd</Extensions>
    </Filter>
    <Filter Include="리소스 파일">
      <UniqueIdentifier>{67DA6AB6-F800-4c08-8B7A-83BB121AAD01}</UniqueIdentifier>
      <Extensions>rc;ico;cur;bmp;dlg;rc2;rct;bin;rgs;gif;jpg;jpeg;jpe;resx;tiff;tif;png;wav;mfcribbon-ms</Extensions>
    </Filter>
    <Filter Include="소스 파일\programmers">
      <UniqueIdentifier>{6150926a-2873-413f-878c-4b00d064bfaf}</UniqueIdentifier>
    </Filter>
    <Filter Include="소스 파일\BOJ">
      <UniqueIdentifier>{3c8d173c-6b3d-43b0-aeca-984f7a95de01}</UniqueIdentifier>
    </Filter>
    <Filter Include="소스 파일\programmers\MonthCode_Challenges">
      <UniqueIdentifier>{fa17d4e3-e55f-4b44-94d6-16eddc491370}</UniqueIdentifier>
    </Filter>
    <Filter Include="소스 파일\programmers\MonthCode_Challenges2">
      <UniqueIdentifier>{93015069-4fbf-4444-ae05-966f784bfdd4}</UniqueIdentifier>
    </Filter>
    <Filter Include="소스 파일\programmers\Lecture">
      <UniqueIdentifier>{56680917-3d25-440f-82e3-300a52a80e34}</UniqueIdentifier>
    </Filter>
  </ItemGroup>
  <ItemGroup>
    <ClCompile Include="BOJ_1655.cpp">
      <Filter>소스 파일\BOJ</Filter>
    </ClCompile>
    <ClCompile Include="BOJ_1715.cpp">
      <Filter>소스 파일\BOJ</Filter>
    </ClCompile>
    <ClCompile Include="BOJ_1764.cpp">
      <Filter>소스 파일\BOJ</Filter>
    </ClCompile>
    <ClCompile Include="BOJ_1927.cpp">
      <Filter>소스 파일\BOJ</Filter>
    </ClCompile>
    <ClCompile Include="BOJ_2109.cpp">
      <Filter>소스 파일\BOJ</Filter>
    </ClCompile>
    <ClCompile Include="BOJ_2696.cpp">
      <Filter>소스 파일\BOJ</Filter>
    </ClCompile>
    <ClCompile Include="BOJ_4949.cpp">
      <Filter>소스 파일\BOJ</Filter>
    </ClCompile>
    <ClCompile Include="BOJ_5430.cpp">
      <Filter>소스 파일\BOJ</Filter>
    </ClCompile>
    <ClCompile Include="BOJ_9012.cpp">
      <Filter>소스 파일\BOJ</Filter>
    </ClCompile>
    <ClCompile Include="BOJ_9935.cpp">
      <Filter>소스 파일\BOJ</Filter>
    </ClCompile>
    <ClCompile Include="BOJ_10773.cpp">
      <Filter>소스 파일\BOJ</Filter>
    </ClCompile>
    <ClCompile Include="BOJ_11000.cpp">
      <Filter>소스 파일\BOJ</Filter>
    </ClCompile>
    <ClCompile Include="BOJ_11279.cpp">
      <Filter>소스 파일\BOJ</Filter>
    </ClCompile>
    <ClCompile Include="BOJ_11286.cpp">
      <Filter>소스 파일\BOJ</Filter>
    </ClCompile>
    <ClCompile Include="BOJ_11656.cpp">
      <Filter>소스 파일\BOJ</Filter>
    </ClCompile>
    <ClCompile Include="PGS_bfs_TravleRoute.cpp">
      <Filter>소스 파일\programmers</Filter>
    </ClCompile>
    <ClCompile Include="PGS_big_number.cpp">
      <Filter>소스 파일\programmers</Filter>
    </ClCompile>
    <ClCompile Include="PGS_dynamic_Nexpress.cpp">
      <Filter>소스 파일\programmers</Filter>
    </ClCompile>
    <ClCompile Include="PGS_English_Shiritori.cpp">
      <Filter>소스 파일\programmers</Filter>
    </ClCompile>
    <ClCompile Include="PGS_FindKim.cpp">
      <Filter>소스 파일\programmers</Filter>
    </ClCompile>
    <ClCompile Include="PGS_FunctionDev.cpp">
      <Filter>소스 파일\programmers</Filter>
    </ClCompile>
    <ClCompile Include="PGS_heap_spicy.cpp">
      <Filter>소스 파일\programmers</Filter>
    </ClCompile>
    <ClCompile Include="PGS_MinNumDelete.cpp">
      <Filter>소스 파일\programmers</Filter>
    </ClCompile>
    <ClCompile Include="PGS_phone_book.cpp">
      <Filter>소스 파일\programmers</Filter>
    </ClCompile>
    <ClCompile Include="PGS_plus2.cpp">
      <Filter>소스 파일\programmers</Filter>
    </ClCompile>
    <ClCompile Include="PGS_SkillTree.cpp">
      <Filter>소스 파일\programmers</Filter>
    </ClCompile>
    <ClCompile Include="PGS_SortAsIWant.cpp">
      <Filter>소스 파일\programmers</Filter>
    </ClCompile>
    <ClCompile Include="PGS_StockPrice.cpp">
      <Filter>소스 파일\programmers</Filter>
    </ClCompile>
    <ClCompile Include="PGS_StringHandlingBasic.cpp">
      <Filter>소스 파일\programmers</Filter>
    </ClCompile>
    <ClCompile Include="BOJ_1781.cpp">
      <Filter>소스 파일\BOJ</Filter>
    </ClCompile>
    <ClCompile Include="PGS_MonthCode_1.cpp">
      <Filter>소스 파일\programmers\MonthCode_Challenges</Filter>
    </ClCompile>
    <ClCompile Include="PGS_MonthCode_2.cpp">
      <Filter>소스 파일\programmers\MonthCode_Challenges</Filter>
    </ClCompile>
    <ClCompile Include="PSG_MonthCode_3.cpp">
      <Filter>소스 파일\programmers\MonthCode_Challenges</Filter>
    </ClCompile>
    <ClCompile Include="BOJ_1991.cpp">
      <Filter>소스 파일\BOJ</Filter>
    </ClCompile>
    <ClCompile Include="BOJ_11725.cpp">
      <Filter>소스 파일\BOJ</Filter>
    </ClCompile>
    <ClCompile Include="BOJ_1966.cpp">
      <Filter>소스 파일\BOJ</Filter>
    </ClCompile>
    <ClCompile Include="BOJ_14503.cpp">
      <Filter>소스 파일\BOJ</Filter>
    </ClCompile>
    <ClCompile Include="BOJ_10026.cpp">
      <Filter>소스 파일\BOJ</Filter>
    </ClCompile>
    <ClCompile Include="BOJ_1920.cpp">
      <Filter>소스 파일\BOJ</Filter>
    </ClCompile>
    <ClCompile Include="PGS_MonthCode2_1.cpp">
      <Filter>소스 파일\programmers\MonthCode_Challenges2</Filter>
    </ClCompile>
    <ClCompile Include="PGS_MonthCode2_2.cpp">
      <Filter>소스 파일\programmers\MonthCode_Challenges2</Filter>
    </ClCompile>
    <ClCompile Include="BOJ_1094.cpp">
      <Filter>소스 파일\BOJ</Filter>
    </ClCompile>
    <ClCompile Include="BOJ_11723.cpp">
      <Filter>소스 파일\BOJ</Filter>
    </ClCompile>
    <ClCompile Include="BOJ_1978.cpp">
      <Filter>소스 파일\BOJ</Filter>
    </ClCompile>
    <ClCompile Include="BOJ_2441.cpp">
      <Filter>소스 파일\BOJ</Filter>
    </ClCompile>
    <ClCompile Include="BOJ_10699.cpp">
      <Filter>소스 파일\BOJ</Filter>
    </ClCompile>
    <ClCompile Include="BOJ_11382.cpp">
      <Filter>소스 파일\BOJ</Filter>
    </ClCompile>
    <ClCompile Include="BOJ_2420.cpp">
      <Filter>소스 파일\BOJ</Filter>
    </ClCompile>
    <ClCompile Include="BOJ_10807.cpp">
      <Filter>소스 파일\BOJ</Filter>
    </ClCompile>
    <ClCompile Include="BOJ_5597.cpp">
      <Filter>소스 파일\BOJ</Filter>
    </ClCompile>
    <ClCompile Include="BOJ_2738.cpp">
      <Filter>소스 파일\BOJ</Filter>
    </ClCompile>
    <ClCompile Include="BOJ_2743.cpp">
      <Filter>소스 파일\BOJ</Filter>
    </ClCompile>
    <ClCompile Include="BOJ_2744.cpp">
      <Filter>소스 파일\BOJ</Filter>
    </ClCompile>
    <ClCompile Include="BOJ_2754.cpp">
      <Filter>소스 파일\BOJ</Filter>
    </ClCompile>
    <ClCompile Include="BOJ_27866.cpp">
      <Filter>소스 파일\BOJ</Filter>
    </ClCompile>
    <ClCompile Include="BOJ_11718.cpp">
      <Filter>소스 파일\BOJ</Filter>
    </ClCompile>
    <ClCompile Include="BOJ_9086.cpp">
      <Filter>소스 파일\BOJ</Filter>
    </ClCompile>
    <ClCompile Include="BOJ_15964.cpp">
      <Filter>소스 파일\BOJ</Filter>
    </ClCompile>
    <ClCompile Include="BOJ_25083.cpp">
      <Filter>소스 파일\BOJ</Filter>
    </ClCompile>
    <ClCompile Include="BOJ_10250.cpp">
      <Filter>소스 파일\BOJ</Filter>
    </ClCompile>
    <ClCompile Include="PGS_Lecture_1.cpp">
      <Filter>소스 파일\programmers\Lecture</Filter>
    </ClCompile>
    <ClCompile Include="PGS_Lecture_2.cpp">
      <Filter>소스 파일\programmers\Lecture</Filter>
    </ClCompile>
    <ClCompile Include="PGS_Lecture_3.cpp">
      <Filter>소스 파일\programmers\Lecture</Filter>
    </ClCompile>
    <ClCompile Include="PGS_Lecture_4.cpp">
      <Filter>소스 파일\programmers\Lecture</Filter>
    </ClCompile>
    <ClCompile Include="PSG_ControlZ.cpp">
      <Filter>소스 파일\programmers</Filter>
    </ClCompile>
    <ClCompile Include="PSG_안전지대.cpp">
      <Filter>소스 파일\programmers</Filter>
    </ClCompile>
    <ClCompile Include="BOJ_11399.cpp">
      <Filter>소스 파일\BOJ</Filter>
    </ClCompile>
    <ClCompile Include="BOJ_11047.cpp">
      <Filter>소스 파일\BOJ</Filter>
    </ClCompile>
    <ClCompile Include="BOJ_1931.cpp">
      <Filter>소스 파일\BOJ</Filter>
    </ClCompile>
    <ClCompile Include="BOJ_10825.cpp">
      <Filter>소스 파일\BOJ</Filter>
    </ClCompile>
    <ClCompile Include="BOJ_2357.cpp">
      <Filter>소스 파일\BOJ</Filter>
    </ClCompile>
    <ClCompile Include="PGS_Lecture_5.cpp">
      <Filter>소스 파일\programmers\Lecture</Filter>
    </ClCompile>
    <ClCompile Include="BOJ_7662.cpp">
      <Filter>소스 파일\BOJ</Filter>
    </ClCompile>
    <ClCompile Include="BOJ_15903.cpp">
      <Filter>소스 파일\BOJ</Filter>
    </ClCompile>
    <ClCompile Include="BOJ_21939.cpp">
      <Filter>소스 파일\BOJ</Filter>
    </ClCompile>
    <ClCompile Include="PGS_Lecture_6.cpp">
      <Filter>소스 파일\programmers\Lecture</Filter>
    </ClCompile>
    <ClCompile Include="BOJ_2525.cpp">
      <Filter>소스 파일\BOJ</Filter>
    </ClCompile>
    <ClCompile Include="BOJ_11729.cpp">
      <Filter>소스 파일\BOJ</Filter>
    </ClCompile>
    <ClCompile Include="BOJ_25206.cpp">
      <Filter>소스 파일\BOJ</Filter>
    </ClCompile>
    <ClCompile Include="BOJ_11365.cpp">
      <Filter>소스 파일\BOJ</Filter>
    </ClCompile>
    <ClCompile Include="BOJ_1302.cpp">
      <Filter>소스 파일\BOJ</Filter>
    </ClCompile>
    <ClCompile Include="BOJ_2851.cpp">
      <Filter>소스 파일\BOJ</Filter>
    </ClCompile>
    <ClCompile Include="BOJ_2108.cpp">
      <Filter>소스 파일\BOJ</Filter>
    </ClCompile>
    <ClCompile Include="BOJ_2748.cpp">
      <Filter>소스 파일\BOJ</Filter>
    </ClCompile>
    <ClCompile Include="BOJ_17202.cpp">
      <Filter>소스 파일\BOJ</Filter>
    </ClCompile>
    <ClCompile Include="BOJ_13699.cpp">
      <Filter>소스 파일\BOJ</Filter>
    </ClCompile>
    <ClCompile Include="BOJ_1463.cpp">
      <Filter>소스 파일\BOJ</Filter>
    </ClCompile>
    <ClCompile Include="BOJ_14501.cpp">
      <Filter>소스 파일\BOJ</Filter>
    </ClCompile>
    <ClCompile Include="BOJ_2839.cpp">
      <Filter>소스 파일\BOJ</Filter>
    </ClCompile>
    <ClCompile Include="PGS_Lecture_7.cpp">
      <Filter>소스 파일\programmers\Lecture</Filter>
    </ClCompile>
    <ClCompile Include="BOJ_4963.cpp">
      <Filter>소스 파일\BOJ</Filter>
    </ClCompile>
    <ClCompile Include="BOJ_11724.cpp">
      <Filter>소스 파일\BOJ</Filter>
    </ClCompile>
    <ClCompile Include="BOJ_7562.cpp">
      <Filter>소스 파일\BOJ</Filter>
    </ClCompile>
    <ClCompile Include="BOJ_24479_DFS.cpp">
      <Filter>소스 파일\BOJ</Filter>
    </ClCompile>
    <ClCompile Include="BOJ_14791.cpp">
      <Filter>소스 파일\BOJ</Filter>
    </ClCompile>
    <ClCompile Include="BOJ_2776.cpp">
      <Filter>소스 파일\BOJ</Filter>
    </ClCompile>
    <ClCompile Include="BOJ_2559.cpp">
      <Filter>소스 파일\BOJ</Filter>
    </ClCompile>
    <ClCompile Include="BOJ_11659.cpp">
      <Filter>소스 파일\BOJ</Filter>
    </ClCompile>
    <ClCompile Include="BOJ_11660.cpp">
      <Filter>소스 파일\BOJ</Filter>
    </ClCompile>
    <ClCompile Include="BOJ_17143.cpp">
      <Filter>소스 파일\BOJ</Filter>
    </ClCompile>
    <ClCompile Include="BOJ_7568.cpp">
      <Filter>소스 파일\BOJ</Filter>
    </ClCompile>
    <ClCompile Include="BOJ_1620.cpp">
      <Filter>소스 파일\BOJ</Filter>
    </ClCompile>
    <ClCompile Include="BOJ_17144.cpp">
      <Filter>소스 파일\BOJ</Filter>
    </ClCompile>
    <ClCompile Include="BOJ_11053.cpp">
      <Filter>소스 파일\BOJ</Filter>
    </ClCompile>
    <ClCompile Include="BOJ_11722.cpp">
      <Filter>소스 파일\BOJ</Filter>
    </ClCompile>
    <ClCompile Include="BOJ_1003.cpp">
      <Filter>소스 파일\BOJ</Filter>
    </ClCompile>
    <ClCompile Include="BOJ_2579.cpp">
      <Filter>소스 파일\BOJ</Filter>
    </ClCompile>
    <ClCompile Include="BOJ_1697.cpp">
      <Filter>소스 파일\BOJ</Filter>
    </ClCompile>
    <ClCompile Include="BOJ_5014.cpp">
      <Filter>소스 파일\BOJ</Filter>
    </ClCompile>
    <ClCompile Include="BOJ_10816.cpp">
      <Filter>소스 파일\BOJ</Filter>
    </ClCompile>
    <ClCompile Include="BOJ_7785.cpp">
      <Filter>소스 파일\BOJ</Filter>
    </ClCompile>
    <ClCompile Include="BOJ_21610.cpp">
      <Filter>소스 파일\BOJ</Filter>
    </ClCompile>
    <ClCompile Include="BOJ_1753.cpp">
      <Filter>소스 파일\BOJ</Filter>
    </ClCompile>
    <ClCompile Include="BOJ_14425.cpp">
      <Filter>소스 파일\BOJ</Filter>
    </ClCompile>
    <ClCompile Include="BOJ_10828.cpp">
      <Filter>소스 파일\BOJ</Filter>
    </ClCompile>
    <ClCompile Include="BOJ_10845.cpp">
      <Filter>소스 파일\BOJ</Filter>
    </ClCompile>
    <ClCompile Include="BOJ_10989.cpp">
      <Filter>소스 파일\BOJ</Filter>
    </ClCompile>
    <ClCompile Include="BOJ_1259.cpp">
      <Filter>소스 파일\BOJ</Filter>
    </ClCompile>
    <ClCompile Include="BOJ_11866.cpp">
      <Filter>소스 파일\BOJ</Filter>
    </ClCompile>
    <ClCompile Include="BOJ_20301.cpp">
      <Filter>소스 파일\BOJ</Filter>
    </ClCompile>
    <ClCompile Include="BOJ_2798.cpp">
      <Filter>소스 파일\BOJ</Filter>
    </ClCompile>
    <ClCompile Include="BOJ_1264.cpp">
      <Filter>소스 파일\BOJ</Filter>
    </ClCompile>
    <ClCompile Include="BOJ_18110.cpp">
      <Filter>소스 파일\BOJ</Filter>
    </ClCompile>
    <ClCompile Include="BOJ_10988.cpp">
      <Filter>소스 파일\BOJ</Filter>
    </ClCompile>
    <ClCompile Include="BOJ_25192.cpp">
      <Filter>소스 파일\BOJ</Filter>
    </ClCompile>
    <ClCompile Include="BOJ_21736.cpp">
      <Filter>소스 파일\BOJ</Filter>
    </ClCompile>
    <ClCompile Include="BOJ_17219.cpp">
      <Filter>소스 파일\BOJ</Filter>
    </ClCompile>
    <ClCompile Include="BOJ_2573.cpp">
      <Filter>소스 파일\BOJ</Filter>
    </ClCompile>
    <ClCompile Include="BOJ_27964.cpp">
      <Filter>소스 파일\BOJ</Filter>
    </ClCompile>
    <ClCompile Include="BOJ_4153.cpp">
      <Filter>소스 파일\BOJ</Filter>
    </ClCompile>
    <ClCompile Include="BOJ_9996.cpp">
      <Filter>소스 파일\BOJ</Filter>
    </ClCompile>
    <ClCompile Include="BOJ_2953.cpp">
      <Filter>소스 파일\BOJ</Filter>
    </ClCompile>
    <ClCompile Include="BOJ_1032.cpp">
      <Filter>소스 파일\BOJ</Filter>
    </ClCompile>
  </ItemGroup>
</Project>