<?xml version="1.0" encoding="utf-8"?>
<Project ToolsVersion="4.0" xmlns="http://schemas.microsoft.com/developer/msbuild/2003">
  <ItemGroup>
    <Filter Include="소스 파일">
      <UniqueIdentifier>{4FC737F1-C7A5-4376-A066-2A32D752A2FF}</UniqueIdentifier>
      <Extensions>cpp;c;cc;cxx;c++;cppm;ixx;def;odl;idl;hpj;bat;asm;asmx</Extensions>
    </Filter>
    <Filter Include="헤더 파일">
      <UniqueIdentifier>{93995380-89BD-4b04-88EB-625FBE52EBFB}</UniqueIdentifier>
      <Extensions>h;hh;hpp;hxx;h++;hm;inl;inc;ipp;xsd</Extensions>
    </Filter>
    <Filter Include="리소스 파일">
      <UniqueIdentifier>{67DA6AB6-F800-4c08-8B7A-83BB121AAD01}</UniqueIdentifier>
      <Extensions>rc;ico;cur;bmp;dlg;rc2;rct;bin;rgs;gif;jpg;jpeg;jpe;resx;tiff;tif;png;wav;mfcribbon-ms</Extensions>
    </Filter>
    <Filter Include="소스 파일\programmers">
      <UniqueIdentifier>{6150926a-2873-413f-878c-4b00d064bfaf}</UniqueIdentifier>
    </Filter>
    <Filter Include="소스 파일\BOJ">
      <UniqueIdentifier>{3c8d173c-6b3d-43b0-aeca-984f7a95de01}</UniqueIdentifier>
    </Filter>
    <Filter Include="소스 파일\programmers\MonthCode_Challenges">
      <UniqueIdentifier>{fa17d4e3-e55f-4b44-94d6-16eddc491370}</UniqueIdentifier>
    </Filter>
  </ItemGroup>
  <ItemGroup>
    <ClCompile Include="BOJ_1655.cpp">
      <Filter>소스 파일\BOJ</Filter>
    </ClCompile>
    <ClCompile Include="BOJ_1715.cpp">
      <Filter>소스 파일\BOJ</Filter>
    </ClCompile>
    <ClCompile Include="BOJ_1764.cpp">
      <Filter>소스 파일\BOJ</Filter>
    </ClCompile>
    <ClCompile Include="BOJ_1927.cpp">
      <Filter>소스 파일\BOJ</Filter>
    </ClCompile>
    <ClCompile Include="BOJ_2109.cpp">
      <Filter>소스 파일\BOJ</Filter>
    </ClCompile>
    <ClCompile Include="BOJ_2696.cpp">
      <Filter>소스 파일\BOJ</Filter>
    </ClCompile>
    <ClCompile Include="BOJ_4949.cpp">
      <Filter>소스 파일\BOJ</Filter>
    </ClCompile>
    <ClCompile Include="BOJ_5430.cpp">
      <Filter>소스 파일\BOJ</Filter>
    </ClCompile>
    <ClCompile Include="BOJ_9012.cpp">
      <Filter>소스 파일\BOJ</Filter>
    </ClCompile>
    <ClCompile Include="BOJ_9935.cpp">
      <Filter>소스 파일\BOJ</Filter>
    </ClCompile>
    <ClCompile Include="BOJ_10773.cpp">
      <Filter>소스 파일\BOJ</Filter>
    </ClCompile>
    <ClCompile Include="BOJ_11000.cpp">
      <Filter>소스 파일\BOJ</Filter>
    </ClCompile>
    <ClCompile Include="BOJ_11279.cpp">
      <Filter>소스 파일\BOJ</Filter>
    </ClCompile>
    <ClCompile Include="BOJ_11286.cpp">
      <Filter>소스 파일\BOJ</Filter>
    </ClCompile>
    <ClCompile Include="BOJ_11656.cpp">
      <Filter>소스 파일\BOJ</Filter>
    </ClCompile>
    <ClCompile Include="PGS_bfs_TravleRoute.cpp">
      <Filter>소스 파일\programmers</Filter>
    </ClCompile>
    <ClCompile Include="PGS_big_number.cpp">
      <Filter>소스 파일\programmers</Filter>
    </ClCompile>
    <ClCompile Include="PGS_dynamic_Nexpress.cpp">
      <Filter>소스 파일\programmers</Filter>
    </ClCompile>
    <ClCompile Include="PGS_English_Shiritori.cpp">
      <Filter>소스 파일\programmers</Filter>
    </ClCompile>
    <ClCompile Include="PGS_FindKim.cpp">
      <Filter>소스 파일\programmers</Filter>
    </ClCompile>
    <ClCompile Include="PGS_FunctionDev.cpp">
      <Filter>소스 파일\programmers</Filter>
    </ClCompile>
    <ClCompile Include="PGS_heap_spicy.cpp">
      <Filter>소스 파일\programmers</Filter>
    </ClCompile>
    <ClCompile Include="PGS_MinNumDelete.cpp">
      <Filter>소스 파일\programmers</Filter>
    </ClCompile>
    <ClCompile Include="PGS_phone_book.cpp">
      <Filter>소스 파일\programmers</Filter>
    </ClCompile>
    <ClCompile Include="PGS_plus2.cpp">
      <Filter>소스 파일\programmers</Filter>
    </ClCompile>
    <ClCompile Include="PGS_SkillTree.cpp">
      <Filter>소스 파일\programmers</Filter>
    </ClCompile>
    <ClCompile Include="PGS_SortAsIWant.cpp">
      <Filter>소스 파일\programmers</Filter>
    </ClCompile>
    <ClCompile Include="PGS_StockPrice.cpp">
      <Filter>소스 파일\programmers</Filter>
    </ClCompile>
    <ClCompile Include="PGS_StringHandlingBasic.cpp">
      <Filter>소스 파일\programmers</Filter>
    </ClCompile>
    <ClCompile Include="BOJ_1781.cpp">
      <Filter>소스 파일\BOJ</Filter>
    </ClCompile>
    <ClCompile Include="PGS_MonthCode_1.cpp">
      <Filter>소스 파일\programmers\MonthCode_Challenges</Filter>
    </ClCompile>
    <ClCompile Include="PGS_MonthCode_2.cpp">
      <Filter>소스 파일\programmers\MonthCode_Challenges</Filter>
    </ClCompile>
    <ClCompile Include="PSG_MonthCode_3.cpp">
      <Filter>소스 파일\programmers\MonthCode_Challenges</Filter>
    </ClCompile>
    <ClCompile Include="BOJ_1991.cpp">
      <Filter>소스 파일\BOJ</Filter>
    </ClCompile>
    <ClCompile Include="BOJ_11725.cpp">
      <Filter>소스 파일\BOJ</Filter>
    </ClCompile>
    <ClCompile Include="BOJ_1966.cpp">
      <Filter>소스 파일\BOJ</Filter>
    </ClCompile>
    <ClCompile Include="BOJ_14503.cpp">
      <Filter>소스 파일\BOJ</Filter>
    </ClCompile>
    <ClCompile Include="BOJ_10026.cpp">
      <Filter>소스 파일\BOJ</Filter>
    </ClCompile>
  </ItemGroup>
</Project>